
Microsoft Visual Studio Solution File, Format Version 12.00
# Visual Studio Version 17
VisualStudioVersion = 17.3.32929.385
MinimumVisualStudioVersion = 10.0.40219.1
Project("{FAE04EC0-301F-11D3-BF4B-00C04F79EFBC}") = "ZRWebAPiApp", "ZRWebAPiApp\ZRWebAPiApp.csproj", "{4CE8BD49-AE85-4197-A9F9-017AC4B94DD0}"
EndProject
Global
	GlobalSection(SolutionConfigurationPlatforms) = preSolution
		Debug|Any CPU = Debug|Any CPU
		Release|Any CPU = Release|Any CPU
	EndGlobalSection
	GlobalSection(ProjectConfigurationPlatforms) = postSolution
		{4CE8BD49-AE85-4197-A9F9-017AC4B94DD0}.Debug|Any CPU.ActiveCfg = Debug|Any CPU
		{4CE8BD49-AE85-4197-A9F9-017AC4B94DD0}.Debug|Any CPU.Build.0 = Debug|Any CPU
		{4CE8BD49-AE85-4197-A9F9-017AC4B94DD0}.Release|Any CPU.ActiveCfg = Release|Any CPU
		{4CE8BD49-AE85-4197-A9F9-017AC4B94DD0}.Release|Any CPU.Build.0 = Release|Any CPU
	EndGlobalSection
	GlobalSection(SolutionProperties) = preSolution
		HideSolutionNode = FALSE
	EndGlobalSection
	GlobalSection(ExtensibilityGlobals) = postSolution
		SolutionGuid = {7EA32784-D1E8-48E1-9C82-6B44CE9D53E2}
	EndGlobalSection
EndGlobal
